
Microsoft Visual Studio Solution File, Format Version 11.00
# Visual Studio 2010
Project("{2150E333-8FDC-42A3-9474-1A3956D46DE8}") = "Apple Applications", "Apple Applications", "{47F8E2EA-5A63-4C94-BA53-50010AFFE6A0}"
EndProject
Project("{FAE04EC0-301F-11D3-BF4B-00C04F79EFBC}") = "AddressBookCocoa", "AddressBookCocoa\AddressBookCocoa.csproj", "{2F2E279C-7E8D-4743-A953-9D2DB426FB3A}"
EndProject
Project("{FAE04EC0-301F-11D3-BF4B-00C04F79EFBC}") = "CocoaPeoplePicker", "CocoaPeoplePicker\CocoaPeoplePicker.csproj", "{28801127-4104-49EE-9759-0F8B78CC7202}"
EndProject
Project("{2150E333-8FDC-42A3-9474-1A3956D46DE8}") = "Data Management", "Data Management", "{7A1E0199-BE93-4488-9498-537E5E568C2A}"
EndProject
Project("{FAE04EC0-301F-11D3-BF4B-00C04F79EFBC}") = "WhereIsMyMac", "WhereIsMyMac\WhereIsMyMac.csproj", "{E67425E7-3656-4FCF-966C-8088DC84A4FF}"
EndProject
Project("{2150E333-8FDC-42A3-9474-1A3956D46DE8}") = "File Management", "File Management", "{2AFBF121-CB0C-42DA-98E1-3B697FFB9EB6}"
EndProject
Project("{FAE04EC0-301F-11D3-BF4B-00C04F79EFBC}") = "ContentBurn", "ContentBurn\ContentBurn.csproj", "{C74DD9CB-15E8-45DC-808C-1FA4F43107FE}"
EndProject
Project("{FAE04EC0-301F-11D3-BF4B-00C04F79EFBC}") = "DeviceListener", "DeviceListener\DeviceListener.csproj", "{993DDA2A-F23C-40EB-8B9E-8F2C54C15C45}"
EndProject
Project("{FAE04EC0-301F-11D3-BF4B-00C04F79EFBC}") = "Eraser", "Eraser\Eraser.csproj", "{52830F8F-1EBC-4EA5-B635-CBDD3C60B313}"
EndProject
Project("{2150E333-8FDC-42A3-9474-1A3956D46DE8}") = "Graphics and Imaging", "Graphics and Imaging", "{133BB9F0-6FE0-4DF5-8DF6-4E1EA234A74F}"
EndProject
Project("{FAE04EC0-301F-11D3-BF4B-00C04F79EFBC}") = "AnimatingViews", "AnimatingViews\AnimatingViews.csproj", "{0475C360-8E07-4C4E-86DD-94A2061FBBAE}"
EndProject
Project("{FAE04EC0-301F-11D3-BF4B-00C04F79EFBC}") = "BasicCocoaAnimations", "BasicCocoaAnimations\BasicCocoaAnimations.csproj", "{4E436EB1-9374-4B79-8E34-3C8C182E6647}"
EndProject
Project("{FAE04EC0-301F-11D3-BF4B-00C04F79EFBC}") = "ColorSampler", "ColorSampler\ColorSampler.csproj", "{A7DB5B95-3B13-47C2-A6B9-FA4B7B0E7735}"
EndProject
Project("{FAE04EC0-301F-11D3-BF4B-00C04F79EFBC}") = "CroppedImage", "CroppedImage\CroppedImage.csproj", "{6D3AFDE8-652A-4605-B39E-54DD8160B8B4}"
EndProject
Project("{FAE04EC0-301F-11D3-BF4B-00C04F79EFBC}") = "CGRotation", "CGRotation\CGRotation.csproj", "{2FE5F51F-86B5-4E5B-9A3B-0AA40F0D1E6F}"
EndProject
Project("{FAE04EC0-301F-11D3-BF4B-00C04F79EFBC}") = "RayTracer", "RayTracer\RayTracer.csproj", "{5DA824D5-9186-4BE1-B693-25B7D8B6EB31}"
EndProject
Project("{FAE04EC0-301F-11D3-BF4B-00C04F79EFBC}") = "AnimatedCompositionLayer", "AnimatedCompositionLayer\AnimatedCompositionLayer.csproj", "{702AD67D-9ABC-4A7F-9C44-113A51998A04}"
EndProject
Project("{FAE04EC0-301F-11D3-BF4B-00C04F79EFBC}") = "QuartzComposerChart", "QuartzComposerChart\QuartzComposerChart.csproj", "{33408004-5D18-4F47-A853-438AD08235A2}"
EndProject
Project("{FAE04EC0-301F-11D3-BF4B-00C04F79EFBC}") = "QuartzComposerSlideShow", "QuartzComposerSlideShow\QuartzComposerSlideShow.csproj", "{0503C3DB-7C7F-4F20-A329-01CE343693F7}"
EndProject
Project("{FAE04EC0-301F-11D3-BF4B-00C04F79EFBC}") = "TLayer", "TLayer\TLayer.csproj", "{248CA2EB-774A-4179-8FE7-CB4AEA565131}"
EndProject
Project("{FAE04EC0-301F-11D3-BF4B-00C04F79EFBC}") = "Fire", "Fire\Fire.csproj", "{207D9FD0-0DFF-40B2-9973-DEF6A2997BCC}"
EndProject
Project("{FAE04EC0-301F-11D3-BF4B-00C04F79EFBC}") = "Fireworks", "Fireworks\Fireworks.csproj", "{24CBBE7C-586C-4412-9B93-A7B7D683D098}"
EndProject
Project("{FAE04EC0-301F-11D3-BF4B-00C04F79EFBC}") = "MiniBooth", "MiniBooth\MiniBooth.csproj", "{D3B0370B-6E86-4D30-B948-09B4AA07C546}"
EndProject
Project("{FAE04EC0-301F-11D3-BF4B-00C04F79EFBC}") = "PDFKitViewer", "PDFKitViewer\PDFKitViewer.csproj", "{B83B347C-625C-48F9-BC13-04AEE7F8F41C}"
EndProject
Project("{2150E333-8FDC-42A3-9474-1A3956D46DE8}") = "Interapplication Communication", "Interapplication Communication", "{01F69502-C96C-4EDD-907C-ECEC828787B1}"
EndProject
Project("{FAE04EC0-301F-11D3-BF4B-00C04F79EFBC}") = "CocoaDragAndDrop", "CocoaDragAndDrop\CocoaDragAndDrop.csproj", "{A8B96AE1-C510-4730-9EAC-13B6FEBC1616}"
EndProject
Project("{2150E333-8FDC-42A3-9474-1A3956D46DE8}") = "Internet and Web", "Internet and Web", "{5F688E84-F353-4268-874E-EAF6BF91F7FF}"
EndProject
Project("{FAE04EC0-301F-11D3-BF4B-00C04F79EFBC}") = "SimpleWebBrowser", "SimpleWebBrowser\SimpleWebBrowser.csproj", "{008D1E8D-CDEA-4FB0-AAB2-CE6991EB8E2F}"
EndProject
Project("{2150E333-8FDC-42A3-9474-1A3956D46DE8}") = "Process Management", "Process Management", "{68206DC1-8ABC-4205-ABDA-A7EA15A5BC67}"
EndProject
Project("{FAE04EC0-301F-11D3-BF4B-00C04F79EFBC}") = "AppList", "AppList\AppList.csproj", "{51F65314-7749-4E46-A2E4-9D4345505166}"
EndProject
Project("{2150E333-8FDC-42A3-9474-1A3956D46DE8}") = "QuickTime", "QuickTime", "{A78BD533-6F02-4353-BF02-ABD9AF47EB08}"
EndProject
Project("{FAE04EC0-301F-11D3-BF4B-00C04F79EFBC}") = "MyRecorder", "MyRecorder\MyRecorder.csproj", "{AB4D53E4-6BAF-46C7-928D-836185C067A6}"
EndProject
Project("{FAE04EC0-301F-11D3-BF4B-00C04F79EFBC}") = "QTKitPlayer", "QTKitPlayer\QTKitPlayer.csproj", "{7D49DC8C-561F-4D61-A894-2ACBB0476AD0}"
EndProject
Project("{2150E333-8FDC-42A3-9474-1A3956D46DE8}") = "User Experience", "User Experience", "{A307DB1D-E0C6-4848-A68A-6FBA95D4DC35}"
EndProject
Project("{FAE04EC0-301F-11D3-BF4B-00C04F79EFBC}") = "BackgroundWorker", "BackgroundWorker\BackgroundWorker.csproj", "{D7D85BA6-EDE7-4144-88D2-0D7C2B5A430A}"
EndProject
Project("{FAE04EC0-301F-11D3-BF4B-00C04F79EFBC}") = "CustomFormatter", "CustomFormatter\CustomFormatter.csproj", "{78090BBC-A9B7-4FF0-B6A2-E4E3A9DAC9EA}"
EndProject
Project("{FAE04EC0-301F-11D3-BF4B-00C04F79EFBC}") = "CustomSave", "CustomSave\CustomSave.csproj", "{67C77741-C7FC-45D3-B28D-C1F292F39BA3}"
EndProject
Project("{FAE04EC0-301F-11D3-BF4B-00C04F79EFBC}") = "NSSpeechSynthesizerExample", "NSSpeechSynthesizerExample\NSSpeechSynthesizerExample.csproj", "{218EA7D2-DDF6-4956-9981-3553EFB6E3CF}"
EndProject
Project("{FAE04EC0-301F-11D3-BF4B-00C04F79EFBC}") = "SearchField", "SearchField\SearchField.csproj", "{E0FDD8AC-53F4-403D-8884-8E8E1977CAF1}"
EndProject
Project("{FAE04EC0-301F-11D3-BF4B-00C04F79EFBC}") = "SimpleCocoaApp", "SimpleCocoaApp\SimpleCocoaApp.csproj", "{D3D0AD52-FEFA-4D40-9D6D-20E2F222F58D}"
EndProject
Project("{FAE04EC0-301F-11D3-BF4B-00C04F79EFBC}") = "SimpleTemperatureConverter", "SimpleTemperatureConverter\SimpleTemperatureConverter.csproj", "{30B46E57-6D8B-4FE5-9D79-B9AE31E9DFBB}"
EndProject
Project("{FAE04EC0-301F-11D3-BF4B-00C04F79EFBC}") = "ToolbarSample", "ToolbarSample\ToolbarSample.csproj", "{33FA085C-DB6D-4295-9F92-DFD0F1151636}"
EndProject
Project("{2150E333-8FDC-42A3-9474-1A3956D46DE8}") = "Thirdparty Frameworks", "Thirdparty Frameworks", "{6FEEAFE8-E0DF-4844-9701-91B20D3265A0}"
EndProject
Project("{FAE04EC0-301F-11D3-BF4B-00C04F79EFBC}") = "GrowlSampleApp", "GrowlSampleApp\GrowlSampleApp.csproj", "{5185CBD8-7EF7-4172-9E2C-3AFDF7F04A6D}"
EndProject
Project("{FAE04EC0-301F-11D3-BF4B-00C04F79EFBC}") = "SparkleSampleApp", "SparkleSampleApp\SparkleSampleApp.csproj", "{101F24CD-7A01-4D7B-9B92-6E5A39FC3686}"
EndProject
Project("{FAE04EC0-301F-11D3-BF4B-00C04F79EFBC}") = "SM2DGraphing", "SM2DGraphing\SM2DGraphing.csproj", "{BA8D26CE-28E6-4D0B-AEF9-715EFE6119C9}"
EndProject
Global
	GlobalSection(SolutionConfigurationPlatforms) = preSolution
		Debug|Any CPU = Debug|Any CPU
		Release|Any CPU = Release|Any CPU
		Debug|x86 = Debug|x86
		Release|x86 = Release|x86
	EndGlobalSection
	GlobalSection(ProjectConfigurationPlatforms) = postSolution
		{008D1E8D-CDEA-4FB0-AAB2-CE6991EB8E2F}.Debug|Any CPU.ActiveCfg = Debug|Any CPU
		{008D1E8D-CDEA-4FB0-AAB2-CE6991EB8E2F}.Debug|Any CPU.Build.0 = Debug|Any CPU
		{008D1E8D-CDEA-4FB0-AAB2-CE6991EB8E2F}.Debug|x86.ActiveCfg = Debug|Any CPU
		{008D1E8D-CDEA-4FB0-AAB2-CE6991EB8E2F}.Debug|x86.Build.0 = Debug|Any CPU
		{008D1E8D-CDEA-4FB0-AAB2-CE6991EB8E2F}.Release|Any CPU.ActiveCfg = Release|Any CPU
		{008D1E8D-CDEA-4FB0-AAB2-CE6991EB8E2F}.Release|Any CPU.Build.0 = Release|Any CPU
		{008D1E8D-CDEA-4FB0-AAB2-CE6991EB8E2F}.Release|x86.ActiveCfg = Release|Any CPU
		{008D1E8D-CDEA-4FB0-AAB2-CE6991EB8E2F}.Release|x86.Build.0 = Release|Any CPU
		{0475C360-8E07-4C4E-86DD-94A2061FBBAE}.Debug|Any CPU.ActiveCfg = Debug|Any CPU
		{0475C360-8E07-4C4E-86DD-94A2061FBBAE}.Debug|Any CPU.Build.0 = Debug|Any CPU
		{0475C360-8E07-4C4E-86DD-94A2061FBBAE}.Debug|x86.ActiveCfg = Debug|Any CPU
		{0475C360-8E07-4C4E-86DD-94A2061FBBAE}.Debug|x86.Build.0 = Debug|Any CPU
		{0475C360-8E07-4C4E-86DD-94A2061FBBAE}.Release|Any CPU.ActiveCfg = Release|Any CPU
		{0475C360-8E07-4C4E-86DD-94A2061FBBAE}.Release|Any CPU.Build.0 = Release|Any CPU
		{0475C360-8E07-4C4E-86DD-94A2061FBBAE}.Release|x86.ActiveCfg = Release|Any CPU
		{0475C360-8E07-4C4E-86DD-94A2061FBBAE}.Release|x86.Build.0 = Release|Any CPU
		{0503C3DB-7C7F-4F20-A329-01CE343693F7}.Debug|Any CPU.ActiveCfg = Debug|x86
		{0503C3DB-7C7F-4F20-A329-01CE343693F7}.Debug|Any CPU.Build.0 = Debug|x86
		{0503C3DB-7C7F-4F20-A329-01CE343693F7}.Debug|x86.ActiveCfg = Debug|x86
		{0503C3DB-7C7F-4F20-A329-01CE343693F7}.Debug|x86.Build.0 = Debug|x86
		{0503C3DB-7C7F-4F20-A329-01CE343693F7}.Release|Any CPU.ActiveCfg = Release|x86
		{0503C3DB-7C7F-4F20-A329-01CE343693F7}.Release|Any CPU.Build.0 = Release|x86
		{0503C3DB-7C7F-4F20-A329-01CE343693F7}.Release|x86.ActiveCfg = Release|x86
		{0503C3DB-7C7F-4F20-A329-01CE343693F7}.Release|x86.Build.0 = Release|x86
		{101F24CD-7A01-4D7B-9B92-6E5A39FC3686}.Debug|Any CPU.ActiveCfg = Debug|Any CPU
		{101F24CD-7A01-4D7B-9B92-6E5A39FC3686}.Debug|Any CPU.Build.0 = Debug|Any CPU
		{101F24CD-7A01-4D7B-9B92-6E5A39FC3686}.Debug|x86.ActiveCfg = Debug|Any CPU
		{101F24CD-7A01-4D7B-9B92-6E5A39FC3686}.Debug|x86.Build.0 = Debug|Any CPU
		{101F24CD-7A01-4D7B-9B92-6E5A39FC3686}.Release|Any CPU.ActiveCfg = Release|Any CPU
		{101F24CD-7A01-4D7B-9B92-6E5A39FC3686}.Release|Any CPU.Build.0 = Release|Any CPU
		{101F24CD-7A01-4D7B-9B92-6E5A39FC3686}.Release|x86.ActiveCfg = Release|Any CPU
		{101F24CD-7A01-4D7B-9B92-6E5A39FC3686}.Release|x86.Build.0 = Release|Any CPU
		{207D9FD0-0DFF-40B2-9973-DEF6A2997BCC}.Debug|Any CPU.ActiveCfg = Debug|Any CPU
		{207D9FD0-0DFF-40B2-9973-DEF6A2997BCC}.Debug|Any CPU.Build.0 = Debug|Any CPU
		{207D9FD0-0DFF-40B2-9973-DEF6A2997BCC}.Debug|x86.ActiveCfg = Debug|Any CPU
		{207D9FD0-0DFF-40B2-9973-DEF6A2997BCC}.Debug|x86.Build.0 = Debug|Any CPU
		{207D9FD0-0DFF-40B2-9973-DEF6A2997BCC}.Release|Any CPU.ActiveCfg = Release|Any CPU
		{207D9FD0-0DFF-40B2-9973-DEF6A2997BCC}.Release|Any CPU.Build.0 = Release|Any CPU
		{207D9FD0-0DFF-40B2-9973-DEF6A2997BCC}.Release|x86.ActiveCfg = Release|Any CPU
		{207D9FD0-0DFF-40B2-9973-DEF6A2997BCC}.Release|x86.Build.0 = Release|Any CPU
		{218EA7D2-DDF6-4956-9981-3553EFB6E3CF}.Debug|Any CPU.ActiveCfg = Debug|Any CPU
		{218EA7D2-DDF6-4956-9981-3553EFB6E3CF}.Debug|Any CPU.Build.0 = Debug|Any CPU
		{218EA7D2-DDF6-4956-9981-3553EFB6E3CF}.Debug|x86.ActiveCfg = Debug|Any CPU
		{218EA7D2-DDF6-4956-9981-3553EFB6E3CF}.Debug|x86.Build.0 = Debug|Any CPU
		{218EA7D2-DDF6-4956-9981-3553EFB6E3CF}.Release|Any CPU.ActiveCfg = Release|Any CPU
		{218EA7D2-DDF6-4956-9981-3553EFB6E3CF}.Release|Any CPU.Build.0 = Release|Any CPU
		{218EA7D2-DDF6-4956-9981-3553EFB6E3CF}.Release|x86.ActiveCfg = Release|Any CPU
		{218EA7D2-DDF6-4956-9981-3553EFB6E3CF}.Release|x86.Build.0 = Release|Any CPU
		{248CA2EB-774A-4179-8FE7-CB4AEA565131}.Debug|Any CPU.ActiveCfg = Debug|Any CPU
		{248CA2EB-774A-4179-8FE7-CB4AEA565131}.Debug|Any CPU.Build.0 = Debug|Any CPU
		{248CA2EB-774A-4179-8FE7-CB4AEA565131}.Debug|x86.ActiveCfg = Debug|Any CPU
		{248CA2EB-774A-4179-8FE7-CB4AEA565131}.Debug|x86.Build.0 = Debug|Any CPU
		{248CA2EB-774A-4179-8FE7-CB4AEA565131}.Release|Any CPU.ActiveCfg = Release|Any CPU
		{248CA2EB-774A-4179-8FE7-CB4AEA565131}.Release|Any CPU.Build.0 = Release|Any CPU
		{248CA2EB-774A-4179-8FE7-CB4AEA565131}.Release|x86.ActiveCfg = Release|Any CPU
		{248CA2EB-774A-4179-8FE7-CB4AEA565131}.Release|x86.Build.0 = Release|Any CPU
		{24CBBE7C-586C-4412-9B93-A7B7D683D098}.Debug|Any CPU.ActiveCfg = Debug|Any CPU
		{24CBBE7C-586C-4412-9B93-A7B7D683D098}.Debug|Any CPU.Build.0 = Debug|Any CPU
		{24CBBE7C-586C-4412-9B93-A7B7D683D098}.Debug|x86.ActiveCfg = Debug|Any CPU
		{24CBBE7C-586C-4412-9B93-A7B7D683D098}.Debug|x86.Build.0 = Debug|Any CPU
		{24CBBE7C-586C-4412-9B93-A7B7D683D098}.Release|Any CPU.ActiveCfg = Release|Any CPU
		{24CBBE7C-586C-4412-9B93-A7B7D683D098}.Release|Any CPU.Build.0 = Release|Any CPU
		{24CBBE7C-586C-4412-9B93-A7B7D683D098}.Release|x86.ActiveCfg = Release|Any CPU
		{24CBBE7C-586C-4412-9B93-A7B7D683D098}.Release|x86.Build.0 = Release|Any CPU
		{28801127-4104-49EE-9759-0F8B78CC7202}.Debug|Any CPU.ActiveCfg = Debug|Any CPU
		{28801127-4104-49EE-9759-0F8B78CC7202}.Debug|Any CPU.Build.0 = Debug|Any CPU
		{28801127-4104-49EE-9759-0F8B78CC7202}.Release|Any CPU.ActiveCfg = Release|Any CPU
		{28801127-4104-49EE-9759-0F8B78CC7202}.Release|Any CPU.Build.0 = Release|Any CPU
		{2F2E279C-7E8D-4743-A953-9D2DB426FB3A}.Debug|Any CPU.ActiveCfg = Debug|Any CPU
		{2F2E279C-7E8D-4743-A953-9D2DB426FB3A}.Debug|Any CPU.Build.0 = Debug|Any CPU
		{2F2E279C-7E8D-4743-A953-9D2DB426FB3A}.Release|Any CPU.ActiveCfg = Release|Any CPU
		{2F2E279C-7E8D-4743-A953-9D2DB426FB3A}.Release|Any CPU.Build.0 = Release|Any CPU
		{2FE5F51F-86B5-4E5B-9A3B-0AA40F0D1E6F}.Debug|Any CPU.ActiveCfg = Debug|Any CPU
		{2FE5F51F-86B5-4E5B-9A3B-0AA40F0D1E6F}.Debug|Any CPU.Build.0 = Debug|Any CPU
		{2FE5F51F-86B5-4E5B-9A3B-0AA40F0D1E6F}.Debug|x86.ActiveCfg = Debug|Any CPU
		{2FE5F51F-86B5-4E5B-9A3B-0AA40F0D1E6F}.Debug|x86.Build.0 = Debug|Any CPU
		{2FE5F51F-86B5-4E5B-9A3B-0AA40F0D1E6F}.Release|Any CPU.ActiveCfg = Release|Any CPU
		{2FE5F51F-86B5-4E5B-9A3B-0AA40F0D1E6F}.Release|Any CPU.Build.0 = Release|Any CPU
		{2FE5F51F-86B5-4E5B-9A3B-0AA40F0D1E6F}.Release|x86.ActiveCfg = Release|Any CPU
		{2FE5F51F-86B5-4E5B-9A3B-0AA40F0D1E6F}.Release|x86.Build.0 = Release|Any CPU
		{30B46E57-6D8B-4FE5-9D79-B9AE31E9DFBB}.Debug|Any CPU.ActiveCfg = Debug|Any CPU
		{30B46E57-6D8B-4FE5-9D79-B9AE31E9DFBB}.Debug|Any CPU.Build.0 = Debug|Any CPU
		{30B46E57-6D8B-4FE5-9D79-B9AE31E9DFBB}.Debug|x86.ActiveCfg = Debug|Any CPU
		{30B46E57-6D8B-4FE5-9D79-B9AE31E9DFBB}.Debug|x86.Build.0 = Debug|Any CPU
		{30B46E57-6D8B-4FE5-9D79-B9AE31E9DFBB}.Release|Any CPU.ActiveCfg = Release|Any CPU
		{30B46E57-6D8B-4FE5-9D79-B9AE31E9DFBB}.Release|Any CPU.Build.0 = Release|Any CPU
		{30B46E57-6D8B-4FE5-9D79-B9AE31E9DFBB}.Release|x86.ActiveCfg = Release|Any CPU
		{30B46E57-6D8B-4FE5-9D79-B9AE31E9DFBB}.Release|x86.Build.0 = Release|Any CPU
		{33408004-5D18-4F47-A853-438AD08235A2}.Debug|Any CPU.ActiveCfg = Debug|x86
		{33408004-5D18-4F47-A853-438AD08235A2}.Debug|Any CPU.Build.0 = Debug|x86
		{33408004-5D18-4F47-A853-438AD08235A2}.Debug|x86.ActiveCfg = Debug|x86
		{33408004-5D18-4F47-A853-438AD08235A2}.Debug|x86.Build.0 = Debug|x86
		{33408004-5D18-4F47-A853-438AD08235A2}.Release|Any CPU.ActiveCfg = Release|x86
		{33408004-5D18-4F47-A853-438AD08235A2}.Release|Any CPU.Build.0 = Release|x86
		{33408004-5D18-4F47-A853-438AD08235A2}.Release|x86.ActiveCfg = Release|x86
		{33408004-5D18-4F47-A853-438AD08235A2}.Release|x86.Build.0 = Release|x86
		{33FA085C-DB6D-4295-9F92-DFD0F1151636}.Debug|Any CPU.ActiveCfg = Debug|Any CPU
		{33FA085C-DB6D-4295-9F92-DFD0F1151636}.Debug|Any CPU.Build.0 = Debug|Any CPU
		{33FA085C-DB6D-4295-9F92-DFD0F1151636}.Debug|x86.ActiveCfg = Debug|Any CPU
		{33FA085C-DB6D-4295-9F92-DFD0F1151636}.Debug|x86.Build.0 = Debug|Any CPU
		{33FA085C-DB6D-4295-9F92-DFD0F1151636}.Release|Any CPU.ActiveCfg = Release|Any CPU
		{33FA085C-DB6D-4295-9F92-DFD0F1151636}.Release|Any CPU.Build.0 = Release|Any CPU
		{33FA085C-DB6D-4295-9F92-DFD0F1151636}.Release|x86.ActiveCfg = Release|Any CPU
		{33FA085C-DB6D-4295-9F92-DFD0F1151636}.Release|x86.Build.0 = Release|Any CPU
		{4E436EB1-9374-4B79-8E34-3C8C182E6647}.Debug|Any CPU.ActiveCfg = Debug|Any CPU
		{4E436EB1-9374-4B79-8E34-3C8C182E6647}.Debug|Any CPU.Build.0 = Debug|Any CPU
		{4E436EB1-9374-4B79-8E34-3C8C182E6647}.Debug|x86.ActiveCfg = Debug|Any CPU
		{4E436EB1-9374-4B79-8E34-3C8C182E6647}.Debug|x86.Build.0 = Debug|Any CPU
		{4E436EB1-9374-4B79-8E34-3C8C182E6647}.Release|Any CPU.ActiveCfg = Release|Any CPU
		{4E436EB1-9374-4B79-8E34-3C8C182E6647}.Release|Any CPU.Build.0 = Release|Any CPU
		{4E436EB1-9374-4B79-8E34-3C8C182E6647}.Release|x86.ActiveCfg = Release|Any CPU
		{4E436EB1-9374-4B79-8E34-3C8C182E6647}.Release|x86.Build.0 = Release|Any CPU
		{5185CBD8-7EF7-4172-9E2C-3AFDF7F04A6D}.Debug|Any CPU.ActiveCfg = Debug|Any CPU
		{5185CBD8-7EF7-4172-9E2C-3AFDF7F04A6D}.Debug|Any CPU.Build.0 = Debug|Any CPU
		{5185CBD8-7EF7-4172-9E2C-3AFDF7F04A6D}.Debug|x86.ActiveCfg = Debug|Any CPU
		{5185CBD8-7EF7-4172-9E2C-3AFDF7F04A6D}.Debug|x86.Build.0 = Debug|Any CPU
		{5185CBD8-7EF7-4172-9E2C-3AFDF7F04A6D}.Release|Any CPU.ActiveCfg = Release|Any CPU
		{5185CBD8-7EF7-4172-9E2C-3AFDF7F04A6D}.Release|Any CPU.Build.0 = Release|Any CPU
		{5185CBD8-7EF7-4172-9E2C-3AFDF7F04A6D}.Release|x86.ActiveCfg = Release|Any CPU
		{5185CBD8-7EF7-4172-9E2C-3AFDF7F04A6D}.Release|x86.Build.0 = Release|Any CPU
		{51F65314-7749-4E46-A2E4-9D4345505166}.Debug|Any CPU.ActiveCfg = Debug|Any CPU
		{51F65314-7749-4E46-A2E4-9D4345505166}.Debug|Any CPU.Build.0 = Debug|Any CPU
		{51F65314-7749-4E46-A2E4-9D4345505166}.Debug|x86.ActiveCfg = Debug|Any CPU
		{51F65314-7749-4E46-A2E4-9D4345505166}.Debug|x86.Build.0 = Debug|Any CPU
		{51F65314-7749-4E46-A2E4-9D4345505166}.Release|Any CPU.ActiveCfg = Release|Any CPU
		{51F65314-7749-4E46-A2E4-9D4345505166}.Release|Any CPU.Build.0 = Release|Any CPU
		{51F65314-7749-4E46-A2E4-9D4345505166}.Release|x86.ActiveCfg = Release|Any CPU
		{51F65314-7749-4E46-A2E4-9D4345505166}.Release|x86.Build.0 = Release|Any CPU
		{52830F8F-1EBC-4EA5-B635-CBDD3C60B313}.Debug|Any CPU.ActiveCfg = Debug|Any CPU
		{52830F8F-1EBC-4EA5-B635-CBDD3C60B313}.Debug|Any CPU.Build.0 = Debug|Any CPU
		{52830F8F-1EBC-4EA5-B635-CBDD3C60B313}.Debug|x86.ActiveCfg = Debug|Any CPU
		{52830F8F-1EBC-4EA5-B635-CBDD3C60B313}.Debug|x86.Build.0 = Debug|Any CPU
		{52830F8F-1EBC-4EA5-B635-CBDD3C60B313}.Release|Any CPU.ActiveCfg = Release|Any CPU
		{52830F8F-1EBC-4EA5-B635-CBDD3C60B313}.Release|Any CPU.Build.0 = Release|Any CPU
		{52830F8F-1EBC-4EA5-B635-CBDD3C60B313}.Release|x86.ActiveCfg = Release|Any CPU
		{52830F8F-1EBC-4EA5-B635-CBDD3C60B313}.Release|x86.Build.0 = Release|Any CPU
		{5DA824D5-9186-4BE1-B693-25B7D8B6EB31}.Debug|Any CPU.ActiveCfg = Debug|Any CPU
		{5DA824D5-9186-4BE1-B693-25B7D8B6EB31}.Debug|Any CPU.Build.0 = Debug|Any CPU
		{5DA824D5-9186-4BE1-B693-25B7D8B6EB31}.Release|Any CPU.ActiveCfg = Release|Any CPU
		{5DA824D5-9186-4BE1-B693-25B7D8B6EB31}.Release|Any CPU.Build.0 = Release|Any CPU
		{67C77741-C7FC-45D3-B28D-C1F292F39BA3}.Debug|Any CPU.ActiveCfg = Debug|Any CPU
		{67C77741-C7FC-45D3-B28D-C1F292F39BA3}.Debug|Any CPU.Build.0 = Debug|Any CPU
		{67C77741-C7FC-45D3-B28D-C1F292F39BA3}.Debug|x86.ActiveCfg = Debug|Any CPU
		{67C77741-C7FC-45D3-B28D-C1F292F39BA3}.Debug|x86.Build.0 = Debug|Any CPU
		{67C77741-C7FC-45D3-B28D-C1F292F39BA3}.Release|Any CPU.ActiveCfg = Release|Any CPU
		{67C77741-C7FC-45D3-B28D-C1F292F39BA3}.Release|Any CPU.Build.0 = Release|Any CPU
		{67C77741-C7FC-45D3-B28D-C1F292F39BA3}.Release|x86.ActiveCfg = Release|Any CPU
		{67C77741-C7FC-45D3-B28D-C1F292F39BA3}.Release|x86.Build.0 = Release|Any CPU
		{6D3AFDE8-652A-4605-B39E-54DD8160B8B4}.Debug|Any CPU.ActiveCfg = Debug|Any CPU
		{6D3AFDE8-652A-4605-B39E-54DD8160B8B4}.Debug|Any CPU.Build.0 = Debug|Any CPU
		{6D3AFDE8-652A-4605-B39E-54DD8160B8B4}.Debug|x86.ActiveCfg = Debug|Any CPU
		{6D3AFDE8-652A-4605-B39E-54DD8160B8B4}.Debug|x86.Build.0 = Debug|Any CPU
		{6D3AFDE8-652A-4605-B39E-54DD8160B8B4}.Release|Any CPU.ActiveCfg = Release|Any CPU
		{6D3AFDE8-652A-4605-B39E-54DD8160B8B4}.Release|Any CPU.Build.0 = Release|Any CPU
		{6D3AFDE8-652A-4605-B39E-54DD8160B8B4}.Release|x86.ActiveCfg = Release|Any CPU
		{6D3AFDE8-652A-4605-B39E-54DD8160B8B4}.Release|x86.Build.0 = Release|Any CPU
		{702AD67D-9ABC-4A7F-9C44-113A51998A04}.Debug|Any CPU.ActiveCfg = Debug|x86
		{702AD67D-9ABC-4A7F-9C44-113A51998A04}.Debug|Any CPU.Build.0 = Debug|x86
		{702AD67D-9ABC-4A7F-9C44-113A51998A04}.Debug|x86.ActiveCfg = Debug|x86
		{702AD67D-9ABC-4A7F-9C44-113A51998A04}.Debug|x86.Build.0 = Debug|x86
		{702AD67D-9ABC-4A7F-9C44-113A51998A04}.Release|Any CPU.ActiveCfg = Release|x86
		{702AD67D-9ABC-4A7F-9C44-113A51998A04}.Release|Any CPU.Build.0 = Release|x86
		{702AD67D-9ABC-4A7F-9C44-113A51998A04}.Release|x86.ActiveCfg = Release|x86
		{702AD67D-9ABC-4A7F-9C44-113A51998A04}.Release|x86.Build.0 = Release|x86
		{78090BBC-A9B7-4FF0-B6A2-E4E3A9DAC9EA}.Debug|Any CPU.ActiveCfg = Debug|Any CPU
		{78090BBC-A9B7-4FF0-B6A2-E4E3A9DAC9EA}.Debug|Any CPU.Build.0 = Debug|Any CPU
		{78090BBC-A9B7-4FF0-B6A2-E4E3A9DAC9EA}.Debug|x86.ActiveCfg = Debug|Any CPU
		{78090BBC-A9B7-4FF0-B6A2-E4E3A9DAC9EA}.Debug|x86.Build.0 = Debug|Any CPU
		{78090BBC-A9B7-4FF0-B6A2-E4E3A9DAC9EA}.Release|Any CPU.ActiveCfg = Release|Any CPU
		{78090BBC-A9B7-4FF0-B6A2-E4E3A9DAC9EA}.Release|Any CPU.Build.0 = Release|Any CPU
		{78090BBC-A9B7-4FF0-B6A2-E4E3A9DAC9EA}.Release|x86.ActiveCfg = Release|Any CPU
		{78090BBC-A9B7-4FF0-B6A2-E4E3A9DAC9EA}.Release|x86.Build.0 = Release|Any CPU
		{7D49DC8C-561F-4D61-A894-2ACBB0476AD0}.Debug|Any CPU.ActiveCfg = Debug|Any CPU
		{7D49DC8C-561F-4D61-A894-2ACBB0476AD0}.Debug|Any CPU.Build.0 = Debug|Any CPU
		{7D49DC8C-561F-4D61-A894-2ACBB0476AD0}.Debug|x86.ActiveCfg = Debug|Any CPU
		{7D49DC8C-561F-4D61-A894-2ACBB0476AD0}.Debug|x86.Build.0 = Debug|Any CPU
		{7D49DC8C-561F-4D61-A894-2ACBB0476AD0}.Release|Any CPU.ActiveCfg = Release|Any CPU
		{7D49DC8C-561F-4D61-A894-2ACBB0476AD0}.Release|Any CPU.Build.0 = Release|Any CPU
		{7D49DC8C-561F-4D61-A894-2ACBB0476AD0}.Release|x86.ActiveCfg = Release|Any CPU
		{7D49DC8C-561F-4D61-A894-2ACBB0476AD0}.Release|x86.Build.0 = Release|Any CPU
		{993DDA2A-F23C-40EB-8B9E-8F2C54C15C45}.Debug|Any CPU.ActiveCfg = Debug|Any CPU
		{993DDA2A-F23C-40EB-8B9E-8F2C54C15C45}.Debug|Any CPU.Build.0 = Debug|Any CPU
		{993DDA2A-F23C-40EB-8B9E-8F2C54C15C45}.Debug|x86.ActiveCfg = Debug|Any CPU
		{993DDA2A-F23C-40EB-8B9E-8F2C54C15C45}.Debug|x86.Build.0 = Debug|Any CPU
		{993DDA2A-F23C-40EB-8B9E-8F2C54C15C45}.Release|Any CPU.ActiveCfg = Release|Any CPU
		{993DDA2A-F23C-40EB-8B9E-8F2C54C15C45}.Release|Any CPU.Build.0 = Release|Any CPU
		{993DDA2A-F23C-40EB-8B9E-8F2C54C15C45}.Release|x86.ActiveCfg = Release|Any CPU
		{993DDA2A-F23C-40EB-8B9E-8F2C54C15C45}.Release|x86.Build.0 = Release|Any CPU
		{A7DB5B95-3B13-47C2-A6B9-FA4B7B0E7735}.Debug|Any CPU.ActiveCfg = Debug|Any CPU
		{A7DB5B95-3B13-47C2-A6B9-FA4B7B0E7735}.Debug|Any CPU.Build.0 = Debug|Any CPU
		{A7DB5B95-3B13-47C2-A6B9-FA4B7B0E7735}.Debug|x86.ActiveCfg = Debug|Any CPU
		{A7DB5B95-3B13-47C2-A6B9-FA4B7B0E7735}.Debug|x86.Build.0 = Debug|Any CPU
		{A7DB5B95-3B13-47C2-A6B9-FA4B7B0E7735}.Release|Any CPU.ActiveCfg = Release|Any CPU
		{A7DB5B95-3B13-47C2-A6B9-FA4B7B0E7735}.Release|Any CPU.Build.0 = Release|Any CPU
		{A7DB5B95-3B13-47C2-A6B9-FA4B7B0E7735}.Release|x86.ActiveCfg = Release|Any CPU
		{A7DB5B95-3B13-47C2-A6B9-FA4B7B0E7735}.Release|x86.Build.0 = Release|Any CPU
		{A8B96AE1-C510-4730-9EAC-13B6FEBC1616}.Debug|Any CPU.ActiveCfg = Debug|Any CPU
		{A8B96AE1-C510-4730-9EAC-13B6FEBC1616}.Debug|Any CPU.Build.0 = Debug|Any CPU
		{A8B96AE1-C510-4730-9EAC-13B6FEBC1616}.Debug|x86.ActiveCfg = Debug|Any CPU
		{A8B96AE1-C510-4730-9EAC-13B6FEBC1616}.Debug|x86.Build.0 = Debug|Any CPU
		{A8B96AE1-C510-4730-9EAC-13B6FEBC1616}.Release|Any CPU.ActiveCfg = Release|Any CPU
		{A8B96AE1-C510-4730-9EAC-13B6FEBC1616}.Release|Any CPU.Build.0 = Release|Any CPU
		{A8B96AE1-C510-4730-9EAC-13B6FEBC1616}.Release|x86.ActiveCfg = Release|Any CPU
		{A8B96AE1-C510-4730-9EAC-13B6FEBC1616}.Release|x86.Build.0 = Release|Any CPU
		{AB4D53E4-6BAF-46C7-928D-836185C067A6}.Debug|Any CPU.ActiveCfg = Debug|Any CPU
		{AB4D53E4-6BAF-46C7-928D-836185C067A6}.Debug|Any CPU.Build.0 = Debug|Any CPU
		{AB4D53E4-6BAF-46C7-928D-836185C067A6}.Debug|x86.ActiveCfg = Debug|Any CPU
		{AB4D53E4-6BAF-46C7-928D-836185C067A6}.Debug|x86.Build.0 = Debug|Any CPU
		{AB4D53E4-6BAF-46C7-928D-836185C067A6}.Release|Any CPU.ActiveCfg = Release|Any CPU
		{AB4D53E4-6BAF-46C7-928D-836185C067A6}.Release|Any CPU.Build.0 = Release|Any CPU
		{AB4D53E4-6BAF-46C7-928D-836185C067A6}.Release|x86.ActiveCfg = Release|Any CPU
		{AB4D53E4-6BAF-46C7-928D-836185C067A6}.Release|x86.Build.0 = Release|Any CPU
		{B83B347C-625C-48F9-BC13-04AEE7F8F41C}.Debug|Any CPU.ActiveCfg = Debug|Any CPU
		{B83B347C-625C-48F9-BC13-04AEE7F8F41C}.Debug|Any CPU.Build.0 = Debug|Any CPU
		{B83B347C-625C-48F9-BC13-04AEE7F8F41C}.Debug|x86.ActiveCfg = Debug|Any CPU
		{B83B347C-625C-48F9-BC13-04AEE7F8F41C}.Debug|x86.Build.0 = Debug|Any CPU
		{B83B347C-625C-48F9-BC13-04AEE7F8F41C}.Release|Any CPU.ActiveCfg = Release|Any CPU
		{B83B347C-625C-48F9-BC13-04AEE7F8F41C}.Release|Any CPU.Build.0 = Release|Any CPU
		{B83B347C-625C-48F9-BC13-04AEE7F8F41C}.Release|x86.ActiveCfg = Release|Any CPU
		{B83B347C-625C-48F9-BC13-04AEE7F8F41C}.Release|x86.Build.0 = Release|Any CPU
		{BA8D26CE-28E6-4D0B-AEF9-715EFE6119C9}.Debug|Any CPU.ActiveCfg = Debug|Any CPU
		{BA8D26CE-28E6-4D0B-AEF9-715EFE6119C9}.Debug|Any CPU.Build.0 = Debug|Any CPU
		{BA8D26CE-28E6-4D0B-AEF9-715EFE6119C9}.Debug|x86.ActiveCfg = Debug|Any CPU
		{BA8D26CE-28E6-4D0B-AEF9-715EFE6119C9}.Debug|x86.Build.0 = Debug|Any CPU
		{BA8D26CE-28E6-4D0B-AEF9-715EFE6119C9}.Release|Any CPU.ActiveCfg = Release|Any CPU
		{BA8D26CE-28E6-4D0B-AEF9-715EFE6119C9}.Release|Any CPU.Build.0 = Release|Any CPU
		{BA8D26CE-28E6-4D0B-AEF9-715EFE6119C9}.Release|x86.ActiveCfg = Release|Any CPU
		{BA8D26CE-28E6-4D0B-AEF9-715EFE6119C9}.Release|x86.Build.0 = Release|Any CPU
		{C74DD9CB-15E8-45DC-808C-1FA4F43107FE}.Debug|Any CPU.ActiveCfg = Debug|Any CPU
		{C74DD9CB-15E8-45DC-808C-1FA4F43107FE}.Debug|Any CPU.Build.0 = Debug|Any CPU
		{C74DD9CB-15E8-45DC-808C-1FA4F43107FE}.Debug|x86.ActiveCfg = Debug|Any CPU
		{C74DD9CB-15E8-45DC-808C-1FA4F43107FE}.Debug|x86.Build.0 = Debug|Any CPU
		{C74DD9CB-15E8-45DC-808C-1FA4F43107FE}.Release|Any CPU.ActiveCfg = Release|Any CPU
		{C74DD9CB-15E8-45DC-808C-1FA4F43107FE}.Release|Any CPU.Build.0 = Release|Any CPU
		{C74DD9CB-15E8-45DC-808C-1FA4F43107FE}.Release|x86.ActiveCfg = Release|Any CPU
		{C74DD9CB-15E8-45DC-808C-1FA4F43107FE}.Release|x86.Build.0 = Release|Any CPU
		{D3B0370B-6E86-4D30-B948-09B4AA07C546}.Debug|Any CPU.ActiveCfg = Debug|x86
		{D3B0370B-6E86-4D30-B948-09B4AA07C546}.Debug|Any CPU.Build.0 = Debug|x86
		{D3B0370B-6E86-4D30-B948-09B4AA07C546}.Debug|x86.ActiveCfg = Debug|x86
		{D3B0370B-6E86-4D30-B948-09B4AA07C546}.Debug|x86.Build.0 = Debug|x86
		{D3B0370B-6E86-4D30-B948-09B4AA07C546}.Release|Any CPU.ActiveCfg = Release|x86
		{D3B0370B-6E86-4D30-B948-09B4AA07C546}.Release|Any CPU.Build.0 = Release|x86
		{D3B0370B-6E86-4D30-B948-09B4AA07C546}.Release|x86.ActiveCfg = Release|x86
		{D3B0370B-6E86-4D30-B948-09B4AA07C546}.Release|x86.Build.0 = Release|x86
		{D3D0AD52-FEFA-4D40-9D6D-20E2F222F58D}.Debug|Any CPU.ActiveCfg = Debug|Any CPU
		{D3D0AD52-FEFA-4D40-9D6D-20E2F222F58D}.Debug|Any CPU.Build.0 = Debug|Any CPU
		{D3D0AD52-FEFA-4D40-9D6D-20E2F222F58D}.Debug|x86.ActiveCfg = Debug|Any CPU
		{D3D0AD52-FEFA-4D40-9D6D-20E2F222F58D}.Debug|x86.Build.0 = Debug|Any CPU
		{D3D0AD52-FEFA-4D40-9D6D-20E2F222F58D}.Release|Any CPU.ActiveCfg = Release|Any CPU
		{D3D0AD52-FEFA-4D40-9D6D-20E2F222F58D}.Release|Any CPU.Build.0 = Release|Any CPU
		{D3D0AD52-FEFA-4D40-9D6D-20E2F222F58D}.Release|x86.ActiveCfg = Release|Any CPU
		{D3D0AD52-FEFA-4D40-9D6D-20E2F222F58D}.Release|x86.Build.0 = Release|Any CPU
		{D7D85BA6-EDE7-4144-88D2-0D7C2B5A430A}.Debug|Any CPU.ActiveCfg = Debug|Any CPU
		{D7D85BA6-EDE7-4144-88D2-0D7C2B5A430A}.Debug|Any CPU.Build.0 = Debug|Any CPU
		{D7D85BA6-EDE7-4144-88D2-0D7C2B5A430A}.Debug|x86.ActiveCfg = Debug|Any CPU
		{D7D85BA6-EDE7-4144-88D2-0D7C2B5A430A}.Debug|x86.Build.0 = Debug|Any CPU
		{D7D85BA6-EDE7-4144-88D2-0D7C2B5A430A}.Release|Any CPU.ActiveCfg = Release|Any CPU
		{D7D85BA6-EDE7-4144-88D2-0D7C2B5A430A}.Release|Any CPU.Build.0 = Release|Any CPU
		{D7D85BA6-EDE7-4144-88D2-0D7C2B5A430A}.Release|x86.ActiveCfg = Release|Any CPU
		{D7D85BA6-EDE7-4144-88D2-0D7C2B5A430A}.Release|x86.Build.0 = Release|Any CPU
		{E0FDD8AC-53F4-403D-8884-8E8E1977CAF1}.Debug|Any CPU.ActiveCfg = Debug|Any CPU
		{E0FDD8AC-53F4-403D-8884-8E8E1977CAF1}.Debug|Any CPU.Build.0 = Debug|Any CPU
		{E0FDD8AC-53F4-403D-8884-8E8E1977CAF1}.Debug|x86.ActiveCfg = Debug|Any CPU
		{E0FDD8AC-53F4-403D-8884-8E8E1977CAF1}.Debug|x86.Build.0 = Debug|Any CPU
		{E0FDD8AC-53F4-403D-8884-8E8E1977CAF1}.Release|Any CPU.ActiveCfg = Release|Any CPU
		{E0FDD8AC-53F4-403D-8884-8E8E1977CAF1}.Release|Any CPU.Build.0 = Release|Any CPU
		{E0FDD8AC-53F4-403D-8884-8E8E1977CAF1}.Release|x86.ActiveCfg = Release|Any CPU
		{E0FDD8AC-53F4-403D-8884-8E8E1977CAF1}.Release|x86.Build.0 = Release|Any CPU
		{E67425E7-3656-4FCF-966C-8088DC84A4FF}.Debug|Any CPU.ActiveCfg = Debug|Any CPU
		{E67425E7-3656-4FCF-966C-8088DC84A4FF}.Debug|Any CPU.Build.0 = Debug|Any CPU
		{E67425E7-3656-4FCF-966C-8088DC84A4FF}.Debug|x86.ActiveCfg = Debug|Any CPU
		{E67425E7-3656-4FCF-966C-8088DC84A4FF}.Debug|x86.Build.0 = Debug|Any CPU
		{E67425E7-3656-4FCF-966C-8088DC84A4FF}.Release|Any CPU.ActiveCfg = Release|Any CPU
		{E67425E7-3656-4FCF-966C-8088DC84A4FF}.Release|Any CPU.Build.0 = Release|Any CPU
		{E67425E7-3656-4FCF-966C-8088DC84A4FF}.Release|x86.ActiveCfg = Release|Any CPU
		{E67425E7-3656-4FCF-966C-8088DC84A4FF}.Release|x86.Build.0 = Release|Any CPU
	EndGlobalSection
	GlobalSection(NestedProjects) = preSolution
		{2F2E279C-7E8D-4743-A953-9D2DB426FB3A} = {47F8E2EA-5A63-4C94-BA53-50010AFFE6A0}
		{28801127-4104-49EE-9759-0F8B78CC7202} = {47F8E2EA-5A63-4C94-BA53-50010AFFE6A0}
		{E67425E7-3656-4FCF-966C-8088DC84A4FF} = {7A1E0199-BE93-4488-9498-537E5E568C2A}
		{C74DD9CB-15E8-45DC-808C-1FA4F43107FE} = {2AFBF121-CB0C-42DA-98E1-3B697FFB9EB6}
		{993DDA2A-F23C-40EB-8B9E-8F2C54C15C45} = {2AFBF121-CB0C-42DA-98E1-3B697FFB9EB6}
		{52830F8F-1EBC-4EA5-B635-CBDD3C60B313} = {2AFBF121-CB0C-42DA-98E1-3B697FFB9EB6}
		{0475C360-8E07-4C4E-86DD-94A2061FBBAE} = {133BB9F0-6FE0-4DF5-8DF6-4E1EA234A74F}
		{4E436EB1-9374-4B79-8E34-3C8C182E6647} = {133BB9F0-6FE0-4DF5-8DF6-4E1EA234A74F}
		{A7DB5B95-3B13-47C2-A6B9-FA4B7B0E7735} = {133BB9F0-6FE0-4DF5-8DF6-4E1EA234A74F}
		{6D3AFDE8-652A-4605-B39E-54DD8160B8B4} = {133BB9F0-6FE0-4DF5-8DF6-4E1EA234A74F}
		{2FE5F51F-86B5-4E5B-9A3B-0AA40F0D1E6F} = {133BB9F0-6FE0-4DF5-8DF6-4E1EA234A74F}
		{5DA824D5-9186-4BE1-B693-25B7D8B6EB31} = {133BB9F0-6FE0-4DF5-8DF6-4E1EA234A74F}
		{702AD67D-9ABC-4A7F-9C44-113A51998A04} = {133BB9F0-6FE0-4DF5-8DF6-4E1EA234A74F}
		{33408004-5D18-4F47-A853-438AD08235A2} = {133BB9F0-6FE0-4DF5-8DF6-4E1EA234A74F}
		{0503C3DB-7C7F-4F20-A329-01CE343693F7} = {133BB9F0-6FE0-4DF5-8DF6-4E1EA234A74F}
		{248CA2EB-774A-4179-8FE7-CB4AEA565131} = {133BB9F0-6FE0-4DF5-8DF6-4E1EA234A74F}
		{207D9FD0-0DFF-40B2-9973-DEF6A2997BCC} = {133BB9F0-6FE0-4DF5-8DF6-4E1EA234A74F}
		{24CBBE7C-586C-4412-9B93-A7B7D683D098} = {133BB9F0-6FE0-4DF5-8DF6-4E1EA234A74F}
		{D3B0370B-6E86-4D30-B948-09B4AA07C546} = {133BB9F0-6FE0-4DF5-8DF6-4E1EA234A74F}
		{B83B347C-625C-48F9-BC13-04AEE7F8F41C} = {133BB9F0-6FE0-4DF5-8DF6-4E1EA234A74F}
		{A8B96AE1-C510-4730-9EAC-13B6FEBC1616} = {01F69502-C96C-4EDD-907C-ECEC828787B1}
		{008D1E8D-CDEA-4FB0-AAB2-CE6991EB8E2F} = {5F688E84-F353-4268-874E-EAF6BF91F7FF}
		{51F65314-7749-4E46-A2E4-9D4345505166} = {68206DC1-8ABC-4205-ABDA-A7EA15A5BC67}
		{AB4D53E4-6BAF-46C7-928D-836185C067A6} = {A78BD533-6F02-4353-BF02-ABD9AF47EB08}
		{7D49DC8C-561F-4D61-A894-2ACBB0476AD0} = {A78BD533-6F02-4353-BF02-ABD9AF47EB08}
		{D7D85BA6-EDE7-4144-88D2-0D7C2B5A430A} = {A307DB1D-E0C6-4848-A68A-6FBA95D4DC35}
		{78090BBC-A9B7-4FF0-B6A2-E4E3A9DAC9EA} = {A307DB1D-E0C6-4848-A68A-6FBA95D4DC35}
		{67C77741-C7FC-45D3-B28D-C1F292F39BA3} = {A307DB1D-E0C6-4848-A68A-6FBA95D4DC35}
		{218EA7D2-DDF6-4956-9981-3553EFB6E3CF} = {A307DB1D-E0C6-4848-A68A-6FBA95D4DC35}
		{E0FDD8AC-53F4-403D-8884-8E8E1977CAF1} = {A307DB1D-E0C6-4848-A68A-6FBA95D4DC35}
		{D3D0AD52-FEFA-4D40-9D6D-20E2F222F58D} = {A307DB1D-E0C6-4848-A68A-6FBA95D4DC35}
		{30B46E57-6D8B-4FE5-9D79-B9AE31E9DFBB} = {A307DB1D-E0C6-4848-A68A-6FBA95D4DC35}
		{33FA085C-DB6D-4295-9F92-DFD0F1151636} = {A307DB1D-E0C6-4848-A68A-6FBA95D4DC35}
		{5185CBD8-7EF7-4172-9E2C-3AFDF7F04A6D} = {6FEEAFE8-E0DF-4844-9701-91B20D3265A0}
		{101F24CD-7A01-4D7B-9B92-6E5A39FC3686} = {6FEEAFE8-E0DF-4844-9701-91B20D3265A0}
		{BA8D26CE-28E6-4D0B-AEF9-715EFE6119C9} = {6FEEAFE8-E0DF-4844-9701-91B20D3265A0}
	EndGlobalSection
	GlobalSection(MonoDevelopProperties) = preSolution
		StartupItem = AppList\AppList.csproj
	EndGlobalSection
EndGlobal
